
Microsoft Visual Studio Solution File, Format Version 12.00
# Visual Studio Version 16
VisualStudioVersion = 16.0.30204.135
MinimumVisualStudioVersion = 10.0.40219.1
Project("{8BC9CEB8-8B4A-11D0-8D11-00A0C91BC942}") = "Clear_UEFIBoot", "Clear_UEFIBoot\Clear_UEFIBoot.vcxproj", "{C969AD32-90C4-4AD3-9DD9-8B62951C7585}"
EndProject
Global
	GlobalSection(SolutionConfigurationPlatforms) = preSolution
		Debug|x64 = Debug|x64
		Debug|x86 = Debug|x86
		Release|x64 = Release|x64
		Release|x86 = Release|x86
	EndGlobalSection
	GlobalSection(ProjectConfigurationPlatforms) = postSolution
		{C969AD32-90C4-4AD3-9DD9-8B62951C7585}.Debug|x64.ActiveCfg = Release|x64
		{C969AD32-90C4-4AD3-9DD9-8B62951C7585}.Debug|x64.Build.0 = Release|x64
		{C969AD32-90C4-4AD3-9DD9-8B62951C7585}.Debug|x86.ActiveCfg = Debug|Win32
		{C969AD32-90C4-4AD3-9DD9-8B62951C7585}.Debug|x86.Build.0 = Debug|Win32
		{C969AD32-90C4-4AD3-9DD9-8B62951C7585}.Release|x64.ActiveCfg = Release|x64
		{C969AD32-90C4-4AD3-9DD9-8B62951C7585}.Release|x64.Build.0 = Release|x64
		{C969AD32-90C4-4AD3-9DD9-8B62951C7585}.Release|x86.ActiveCfg = Release|Win32
		{C969AD32-90C4-4AD3-9DD9-8B62951C7585}.Release|x86.Build.0 = Release|Win32
	EndGlobalSection
	GlobalSection(SolutionProperties) = preSolution
		HideSolutionNode = FALSE
	EndGlobalSection
	GlobalSection(ExtensibilityGlobals) = postSolution
		SolutionGuid = {09DCD508-497D-4F2F-8B49-08B71408E395}
	EndGlobalSection
EndGlobal
